<?xml version="1.0" encoding="utf-8"?>
<Project ToolsVersion="4.0" xmlns="http://schemas.microsoft.com/developer/msbuild/2003">
  <ItemGroup>
    <Filter Include="Resource Files">
      <UniqueIdentifier>{67DA6AB6-F800-4c08-8B7A-83BB121AAD01}</UniqueIdentifier>
      <Extensions>rc;ico;cur;bmp;dlg;rc2;rct;bin;rgs;gif;jpg;jpeg;jpe;resx;tiff;tif;png;wav;mfcribbon-ms</Extensions>
    </Filter>
    <Filter Include="compute">
      <UniqueIdentifier>{c281895e-ca28-4bce-b5ac-d11552425ca8}</UniqueIdentifier>
    </Filter>
    <Filter Include="driver">
      <UniqueIdentifier>{7439637d-fc83-4532-ae0e-ba47faaf5f90}</UniqueIdentifier>
    </Filter>
    <Filter Include="gpu">
      <UniqueIdentifier>{0e4151f5-b168-4e68-98b8-bf26714c5f0d}</UniqueIdentifier>
    </Filter>
    <Filter Include="kernel">
      <UniqueIdentifier>{e0de74e3-3169-41bd-8f68-0b6837d263be}</UniqueIdentifier>
    </Filter>
    <Filter Include="hash">
      <UniqueIdentifier>{b01ea0fc-98ef-498c-b9c1-2b269a5f6500}</UniqueIdentifier>
    </Filter>
    <Filter Include="app">
      <UniqueIdentifier>{8360e623-7f27-4f8f-8aa8-7cb15fb12818}</UniqueIdentifier>
    </Filter>
    <Filter Include="ui">
      <UniqueIdentifier>{05095542-89ef-472a-a648-6638d8917b03}</UniqueIdentifier>
    </Filter>
    <Filter Include="config">
      <UniqueIdentifier>{ca165971-9047-4869-b401-7de4ccf7e1e8}</UniqueIdentifier>
    </Filter>
    <Filter Include="utilities">
      <UniqueIdentifier>{4041bdad-73f6-415a-9b0a-d95dbdc56256}</UniqueIdentifier>
    </Filter>
    <Filter Include="base">
      <UniqueIdentifier>{52598dba-6a14-490d-b647-bbe4594d639b}</UniqueIdentifier>
    </Filter>
    <Filter Include="connections">
      <UniqueIdentifier>{4848c286-0801-4e7d-929c-a0e240a85548}</UniqueIdentifier>
    </Filter>
    <Filter Include="data">
      <UniqueIdentifier>{ae99cc91-eb52-4400-b369-f54d9a383466}</UniqueIdentifier>
    </Filter>
    <Filter Include="threads">
      <UniqueIdentifier>{7a027fb5-2bc8-42f0-ba56-9c5641cd0b31}</UniqueIdentifier>
    </Filter>
    <Filter Include="zcore">
      <UniqueIdentifier>{f0396dea-ab6e-4870-a0a2-74380313c067}</UniqueIdentifier>
    </Filter>
  </ItemGroup>
  <ItemGroup>
    <ClCompile Include="Source\compute\BaseComputeDevice.cpp">
      <Filter>compute</Filter>
    </ClCompile>
    <ClCompile Include="Source\compute\CLDevice.cpp">
      <Filter>compute</Filter>
    </ClCompile>
    <ClCompile Include="Source\compute\CLFuncs.cpp">
      <Filter>compute</Filter>
    </ClCompile>
    <ClCompile Include="Source\compute\CLKernel.cpp">
      <Filter>compute</Filter>
    </ClCompile>
    <ClCompile Include="Source\driver\ADL.cpp">
      <Filter>driver</Filter>
    </ClCompile>
    <ClCompile Include="Source\gpu\ADLGPU.cpp">
      <Filter>gpu</Filter>
    </ClCompile>
    <ClCompile Include="Source\gpu\BaseGPU.cpp">
      <Filter>gpu</Filter>
    </ClCompile>
    <ClCompile Include="Source\gpu\GPUData.cpp">
      <Filter>gpu</Filter>
    </ClCompile>
    <ClCompile Include="Source\kernel\KernelFuncs.cpp">
      <Filter>kernel</Filter>
    </ClCompile>
    <ClCompile Include="Source\app\Application.cpp">
      <Filter>app</Filter>
    </ClCompile>
    <ClCompile Include="Source\ui\Section.cpp">
      <Filter>ui</Filter>
    </ClCompile>
    <ClCompile Include="Source\ui\UIData.cpp">
      <Filter>ui</Filter>
    </ClCompile>
    <ClCompile Include="Source\app\main.cpp">
      <Filter>app</Filter>
    </ClCompile>
    <ClCompile Include="Source\config\RunOptions.cpp">
      <Filter>config</Filter>
    </ClCompile>
    <ClCompile Include="Source\config\GPUSetting.cpp">
      <Filter>config</Filter>
    </ClCompile>
    <ClCompile Include="Source\utilities\StringUtils.cpp">
      <Filter>utilities</Filter>
    </ClCompile>
    <ClCompile Include="Source\utilities\JSONUtils.cpp">
      <Filter>utilities</Filter>
    </ClCompile>
    <ClCompile Include="Source\config\ConfigConnection.cpp">
      <Filter>config</Filter>
    </ClCompile>
    <ClCompile Include="source\compute\CLMemory.cpp">
      <Filter>compute</Filter>
    </ClCompile>
    <ClCompile Include="source\data\MinerData.cpp">
      <Filter>data</Filter>
    </ClCompile>
    <ClCompile Include="source\data\SKMinerData.cpp">
      <Filter>data</Filter>
    </ClCompile>
    <ClCompile Include="source\threads\MinerThread.cpp">
      <Filter>threads</Filter>
    </ClCompile>
    <ClCompile Include="source\threads\SKMinerThread.cpp">
      <Filter>threads</Filter>
    </ClCompile>
    <ClCompile Include="source\connections\ServerConnection.cpp">
      <Filter>connections</Filter>
    </ClCompile>
    <ClCompile Include="source\connections\SKServerConnection.cpp">
      <Filter>connections</Filter>
    </ClCompile>
    <ClCompile Include="source\zcore\CBlock.cpp">
      <Filter>zcore</Filter>
    </ClCompile>
    <ClCompile Include="source\zcore\Connection.cpp">
      <Filter>zcore</Filter>
    </ClCompile>
    <ClCompile Include="source\zcore\DDOS_Filter.cpp">
      <Filter>zcore</Filter>
    </ClCompile>
    <ClCompile Include="source\zcore\DDOS_Score.cpp">
      <Filter>zcore</Filter>
    </ClCompile>
    <ClCompile Include="source\zcore\Inbound.cpp">
      <Filter>zcore</Filter>
    </ClCompile>
    <ClCompile Include="source\zcore\Miner.cpp">
      <Filter>zcore</Filter>
    </ClCompile>
    <ClCompile Include="source\zcore\Outbound.cpp">
      <Filter>zcore</Filter>
    </ClCompile>
    <ClCompile Include="source\zcore\Packet.cpp">
      <Filter>zcore</Filter>
    </ClCompile>
    <ClCompile Include="source\zcore\Timer.cpp">
      <Filter>zcore</Filter>
    </ClCompile>
  </ItemGroup>
  <ItemGroup>
    <ClInclude Include="Source\compute\BaseComputeDevice.h">
      <Filter>compute</Filter>
    </ClInclude>
    <ClInclude Include="Source\compute\CLDevice.h">
      <Filter>compute</Filter>
    </ClInclude>
    <ClInclude Include="Source\compute\CLFuncs.h">
      <Filter>compute</Filter>
    </ClInclude>
    <ClInclude Include="Source\compute\CLKernel.h">
      <Filter>compute</Filter>
    </ClInclude>
    <ClInclude Include="Source\compute\CLStructs.h">
      <Filter>compute</Filter>
    </ClInclude>
    <ClInclude Include="Source\driver\ADL.h">
      <Filter>driver</Filter>
    </ClInclude>
    <ClInclude Include="Source\driver\ADLFuncs.h">
      <Filter>driver</Filter>
    </ClInclude>
    <ClInclude Include="Source\gpu\ADLGPU.h">
      <Filter>gpu</Filter>
    </ClInclude>
    <ClInclude Include="Source\gpu\BaseGPU.h">
      <Filter>gpu</Filter>
    </ClInclude>
    <ClInclude Include="Source\gpu\GPUData.h">
      <Filter>gpu</Filter>
    </ClInclude>
    <ClInclude Include="Source\kernel\KernelFuncs.h">
      <Filter>kernel</Filter>
    </ClInclude>
    <ClInclude Include="Source\app\Application.h">
      <Filter>app</Filter>
    </ClInclude>
    <ClInclude Include="Source\ui\Section.h">
      <Filter>ui</Filter>
    </ClInclude>
    <ClInclude Include="Source\ui\UIData.h">
      <Filter>ui</Filter>
    </ClInclude>
    <ClInclude Include="Source\config\RunOptions.h">
      <Filter>config</Filter>
    </ClInclude>
    <ClInclude Include="Source\config\GPUSetting.h">
      <Filter>config</Filter>
    </ClInclude>
    <ClInclude Include="Source\utilities\StringUtils.h">
      <Filter>utilities</Filter>
    </ClInclude>
    <ClInclude Include="Source\utilities\JSONUtils.h">
      <Filter>utilities</Filter>
    </ClInclude>
    <ClInclude Include="Source\config\ConfigConnection.h">
      <Filter>config</Filter>
    </ClInclude>
    <ClInclude Include="source\app\main.h">
      <Filter>app</Filter>
    </ClInclude>
    <ClInclude Include="source\base\IPrototype.h">
      <Filter>base</Filter>
    </ClInclude>
    <ClInclude Include="source\compute\CLMemory.h">
      <Filter>compute</Filter>
    </ClInclude>
    <ClInclude Include="source\data\MinerData.h">
      <Filter>data</Filter>
    </ClInclude>
    <ClInclude Include="source\data\SKMinerData.h">
      <Filter>data</Filter>
    </ClInclude>
    <ClInclude Include="source\hash\brg_endian.h">
      <Filter>hash</Filter>
    </ClInclude>
    <ClInclude Include="source\hash\brg_types.h">
      <Filter>hash</Filter>
    </ClInclude>
    <ClInclude Include="source\hash\skein_port.h">
      <Filter>hash</Filter>
    </ClInclude>
    <ClInclude Include="source\hash\uint1024.h">
      <Filter>hash</Filter>
    </ClInclude>
    <ClInclude Include="source\threads\MinerThread.h">
      <Filter>threads</Filter>
    </ClInclude>
    <ClInclude Include="source\threads\SKMinerThread.h">
      <Filter>threads</Filter>
    </ClInclude>
    <ClInclude Include="source\connections\ServerConnection.h">
      <Filter>connections</Filter>
    </ClInclude>
    <ClInclude Include="source\connections\SKServerConnection.h">
      <Filter>connections</Filter>
    </ClInclude>
    <ClInclude Include="source\zcore\bignum.h">
      <Filter>zcore</Filter>
    </ClInclude>
    <ClInclude Include="source\zcore\CBlock.h">
      <Filter>zcore</Filter>
    </ClInclude>
    <ClInclude Include="source\zcore\Connection.h">
      <Filter>zcore</Filter>
    </ClInclude>
    <ClInclude Include="source\zcore\DDOS_Filter.h">
      <Filter>zcore</Filter>
    </ClInclude>
    <ClInclude Include="source\zcore\DDOS_Score.h">
      <Filter>zcore</Filter>
    </ClInclude>
    <ClInclude Include="source\zcore\Inbound.h">
      <Filter>zcore</Filter>
    </ClInclude>
    <ClInclude Include="source\zcore\Miner.h">
      <Filter>zcore</Filter>
    </ClInclude>
    <ClInclude Include="source\zcore\Outbound.h">
      <Filter>zcore</Filter>
    </ClInclude>
    <ClInclude Include="source\zcore\Packet.h">
      <Filter>zcore</Filter>
    </ClInclude>
    <ClInclude Include="source\zcore\Timer.h">
      <Filter>zcore</Filter>
    </ClInclude>
    <ClInclude Include="source\zcore\types.h">
      <Filter>zcore</Filter>
    </ClInclude>
    <ClInclude Include="source\zcore\util.h">
      <Filter>zcore</Filter>
    </ClInclude>
  </ItemGroup>
  <ItemGroup>
    <None Include="resources\kernel\sk1024_djm.cl">
      <Filter>Resource Files</Filter>
    </None>
  </ItemGroup>
</Project>