<?xml version="1.0" encoding="utf-8"?>
<Project ToolsVersion="4.0" xmlns="http://schemas.microsoft.com/developer/msbuild/2003">
  <ItemGroup>
    <Filter Include="Source Files">
      <UniqueIdentifier>{4FC737F1-C7A5-4376-A066-2A32D752A2FF}</UniqueIdentifier>
      <Extensions>cpp;c;cc;cxx;def;odl;idl;hpj;bat;asm;asmx</Extensions>
    </Filter>
    <Filter Include="Header Files">
      <UniqueIdentifier>{93995380-89BD-4b04-88EB-625FBE52EBFB}</UniqueIdentifier>
      <Extensions>h;hh;hpp;hxx;hm;inl;inc;xsd</Extensions>
    </Filter>
    <Filter Include="Resource Files">
      <UniqueIdentifier>{67DA6AB6-F800-4c08-8B7A-83BB121AAD01}</UniqueIdentifier>
      <Extensions>rc;ico;cur;bmp;dlg;rc2;rct;bin;rgs;gif;jpg;jpeg;jpe;resx;tiff;tif;png;wav</Extensions>
    </Filter>
    <Filter Include="Source Files\jansson">
      <UniqueIdentifier>{3dc0c475-e918-4a85-976b-7aed42c92afb}</UniqueIdentifier>
    </Filter>
  </ItemGroup>
  <ItemGroup>
    <ClCompile Include="source\app\Application.cpp">
      <Filter>Source Files</Filter>
    </ClCompile>
    <ClCompile Include="source\app\main.cpp">
      <Filter>Source Files</Filter>
    </ClCompile>
    <ClCompile Include="source\compute\BaseComputeDevice.cpp">
      <Filter>Source Files</Filter>
    </ClCompile>
    <ClCompile Include="source\compute\CLDevice.cpp">
      <Filter>Source Files</Filter>
    </ClCompile>
    <ClCompile Include="source\compute\CLFuncs.cpp">
      <Filter>Source Files</Filter>
    </ClCompile>
    <ClCompile Include="source\compute\CLKernel.cpp">
      <Filter>Source Files</Filter>
    </ClCompile>
    <ClCompile Include="source\compute\CLMemory.cpp">
      <Filter>Source Files</Filter>
    </ClCompile>
    <ClCompile Include="source\config\ConfigConnection.cpp">
      <Filter>Source Files</Filter>
    </ClCompile>
    <ClCompile Include="source\config\GPUSetting.cpp">
      <Filter>Source Files</Filter>
    </ClCompile>
    <ClCompile Include="source\config\RunOptions.cpp">
      <Filter>Source Files</Filter>
    </ClCompile>
    <ClCompile Include="source\connections\ServerConnection.cpp">
      <Filter>Source Files</Filter>
    </ClCompile>
    <ClCompile Include="source\connections\SKServerConnection.cpp">
      <Filter>Source Files</Filter>
    </ClCompile>
    <ClCompile Include="source\data\MinerData.cpp">
      <Filter>Source Files</Filter>
    </ClCompile>
    <ClCompile Include="source\data\SKMinerData.cpp">
      <Filter>Source Files</Filter>
    </ClCompile>
    <ClCompile Include="source\driver\ADL.cpp">
      <Filter>Source Files</Filter>
    </ClCompile>
    <ClCompile Include="source\gpu\ADLGPU.cpp">
      <Filter>Source Files</Filter>
    </ClCompile>
    <ClCompile Include="source\gpu\BaseGPU.cpp">
      <Filter>Source Files</Filter>
    </ClCompile>
    <ClCompile Include="source\gpu\GPUData.cpp">
      <Filter>Source Files</Filter>
    </ClCompile>
    <ClCompile Include="source\kernel\KernelFuncs.cpp">
      <Filter>Source Files</Filter>
    </ClCompile>
    <ClCompile Include="source\threads\MinerThread.cpp">
      <Filter>Source Files</Filter>
    </ClCompile>
    <ClCompile Include="source\threads\SKMinerThread.cpp">
      <Filter>Source Files</Filter>
    </ClCompile>
    <ClCompile Include="source\ui\Section.cpp">
      <Filter>Source Files</Filter>
    </ClCompile>
    <ClCompile Include="source\ui\UIData.cpp">
      <Filter>Source Files</Filter>
    </ClCompile>
    <ClCompile Include="source\utilities\JSONUtils.cpp">
      <Filter>Source Files</Filter>
    </ClCompile>
    <ClCompile Include="source\utilities\StringUtils.cpp">
      <Filter>Source Files</Filter>
    </ClCompile>
    <ClCompile Include="source\zcore\CBlock.cpp">
      <Filter>Source Files</Filter>
    </ClCompile>
    <ClCompile Include="source\zcore\Connection.cpp">
      <Filter>Source Files</Filter>
    </ClCompile>
    <ClCompile Include="source\zcore\DDOS_Filter.cpp">
      <Filter>Source Files</Filter>
    </ClCompile>
    <ClCompile Include="source\zcore\DDOS_Score.cpp">
      <Filter>Source Files</Filter>
    </ClCompile>
    <ClCompile Include="source\zcore\Inbound.cpp">
      <Filter>Source Files</Filter>
    </ClCompile>
    <ClCompile Include="source\zcore\Miner.cpp">
      <Filter>Source Files</Filter>
    </ClCompile>
    <ClCompile Include="source\zcore\Outbound.cpp">
      <Filter>Source Files</Filter>
    </ClCompile>
    <ClCompile Include="source\zcore\Packet.cpp">
      <Filter>Source Files</Filter>
    </ClCompile>
    <ClCompile Include="source\zcore\Timer.cpp">
      <Filter>Source Files</Filter>
    </ClCompile>
    <ClCompile Include="source\jansson\load.c">
      <Filter>Source Files\jansson</Filter>
    </ClCompile>
    <ClCompile Include="source\jansson\memory.c">
      <Filter>Source Files\jansson</Filter>
    </ClCompile>
    <ClCompile Include="source\jansson\pack_unpack.c">
      <Filter>Source Files\jansson</Filter>
    </ClCompile>
    <ClCompile Include="source\jansson\strbuffer.c">
      <Filter>Source Files\jansson</Filter>
    </ClCompile>
    <ClCompile Include="source\jansson\strconv.c">
      <Filter>Source Files\jansson</Filter>
    </ClCompile>
    <ClCompile Include="source\jansson\utf.c">
      <Filter>Source Files\jansson</Filter>
    </ClCompile>
    <ClCompile Include="source\jansson\value.c">
      <Filter>Source Files\jansson</Filter>
    </ClCompile>
    <ClCompile Include="source\jansson\dump.c">
      <Filter>Source Files\jansson</Filter>
    </ClCompile>
    <ClCompile Include="source\jansson\error.c">
      <Filter>Source Files\jansson</Filter>
    </ClCompile>
    <ClCompile Include="source\jansson\hashtable.c">
      <Filter>Source Files\jansson</Filter>
    </ClCompile>
    <ClCompile Include="source\jansson\hashtable_seed.c">
      <Filter>Source Files\jansson</Filter>
    </ClCompile>
  </ItemGroup>
  <ItemGroup>
    <ClInclude Include="source\adl_sdk\adl_defines.h">
      <Filter>Header Files</Filter>
    </ClInclude>
    <ClInclude Include="source\adl_sdk\adl_sdk.h">
      <Filter>Header Files</Filter>
    </ClInclude>
    <ClInclude Include="source\adl_sdk\adl_structures.h">
      <Filter>Header Files</Filter>
    </ClInclude>
    <ClInclude Include="source\app\Application.h">
      <Filter>Header Files</Filter>
    </ClInclude>
    <ClInclude Include="source\app\main.h">
      <Filter>Header Files</Filter>
    </ClInclude>
    <ClInclude Include="source\base\IPrototype.h">
      <Filter>Header Files</Filter>
    </ClInclude>
    <ClInclude Include="source\compute\BaseComputeDevice.h">
      <Filter>Header Files</Filter>
    </ClInclude>
    <ClInclude Include="source\compute\CLDevice.h">
      <Filter>Header Files</Filter>
    </ClInclude>
    <ClInclude Include="source\compute\CLFuncs.h">
      <Filter>Header Files</Filter>
    </ClInclude>
    <ClInclude Include="source\compute\CLKernel.h">
      <Filter>Header Files</Filter>
    </ClInclude>
    <ClInclude Include="source\compute\CLMemory.h">
      <Filter>Header Files</Filter>
    </ClInclude>
    <ClInclude Include="source\compute\CLStructs.h">
      <Filter>Header Files</Filter>
    </ClInclude>
    <ClInclude Include="source\config\ConfigConnection.h">
      <Filter>Header Files</Filter>
    </ClInclude>
    <ClInclude Include="source\config\GPUSetting.h">
      <Filter>Header Files</Filter>
    </ClInclude>
    <ClInclude Include="source\config\RunOptions.h">
      <Filter>Header Files</Filter>
    </ClInclude>
    <ClInclude Include="source\connections\ServerConnection.h">
      <Filter>Header Files</Filter>
    </ClInclude>
    <ClInclude Include="source\connections\SKServerConnection.h">
      <Filter>Header Files</Filter>
    </ClInclude>
    <ClInclude Include="source\data\MinerData.h">
      <Filter>Header Files</Filter>
    </ClInclude>
    <ClInclude Include="source\data\SKMinerData.h">
      <Filter>Header Files</Filter>
    </ClInclude>
    <ClInclude Include="source\driver\ADL.h">
      <Filter>Header Files</Filter>
    </ClInclude>
    <ClInclude Include="source\driver\ADLFuncs.h">
      <Filter>Header Files</Filter>
    </ClInclude>
    <ClInclude Include="source\gpu\ADLGPU.h">
      <Filter>Header Files</Filter>
    </ClInclude>
    <ClInclude Include="source\gpu\BaseGPU.h">
      <Filter>Header Files</Filter>
    </ClInclude>
    <ClInclude Include="source\gpu\GPUData.h">
      <Filter>Header Files</Filter>
    </ClInclude>
    <ClInclude Include="source\hash\brg_endian.h">
      <Filter>Header Files</Filter>
    </ClInclude>
    <ClInclude Include="source\hash\brg_types.h">
      <Filter>Header Files</Filter>
    </ClInclude>
    <ClInclude Include="source\hash\skein_port.h">
      <Filter>Header Files</Filter>
    </ClInclude>
    <ClInclude Include="source\hash\uint1024.h">
      <Filter>Header Files</Filter>
    </ClInclude>
    <ClInclude Include="source\json_spirit\json_spirit.h">
      <Filter>Header Files</Filter>
    </ClInclude>
    <ClInclude Include="source\json_spirit\json_spirit_error_position.h">
      <Filter>Header Files</Filter>
    </ClInclude>
    <ClInclude Include="source\json_spirit\json_spirit_reader.h">
      <Filter>Header Files</Filter>
    </ClInclude>
    <ClInclude Include="source\json_spirit\json_spirit_reader_template.h">
      <Filter>Header Files</Filter>
    </ClInclude>
    <ClInclude Include="source\json_spirit\json_spirit_stream_reader.h">
      <Filter>Header Files</Filter>
    </ClInclude>
    <ClInclude Include="source\json_spirit\json_spirit_utils.h">
      <Filter>Header Files</Filter>
    </ClInclude>
    <ClInclude Include="source\json_spirit\json_spirit_value.h">
      <Filter>Header Files</Filter>
    </ClInclude>
    <ClInclude Include="source\json_spirit\json_spirit_writer.h">
      <Filter>Header Files</Filter>
    </ClInclude>
    <ClInclude Include="source\json_spirit\json_spirit_writer_options.h">
      <Filter>Header Files</Filter>
    </ClInclude>
    <ClInclude Include="source\json_spirit\json_spirit_writer_template.h">
      <Filter>Header Files</Filter>
    </ClInclude>
    <ClInclude Include="source\kernel\KernelFuncs.h">
      <Filter>Header Files</Filter>
    </ClInclude>
    <ClInclude Include="source\threads\MinerThread.h">
      <Filter>Header Files</Filter>
    </ClInclude>
    <ClInclude Include="source\threads\SKMinerThread.h">
      <Filter>Header Files</Filter>
    </ClInclude>
    <ClInclude Include="source\ui\Section.h">
      <Filter>Header Files</Filter>
    </ClInclude>
    <ClInclude Include="source\ui\UIData.h">
      <Filter>Header Files</Filter>
    </ClInclude>
    <ClInclude Include="source\utilities\JSONUtils.h">
      <Filter>Header Files</Filter>
    </ClInclude>
    <ClInclude Include="source\utilities\StringUtils.h">
      <Filter>Header Files</Filter>
    </ClInclude>
    <ClInclude Include="source\zcore\bignum.h">
      <Filter>Header Files</Filter>
    </ClInclude>
    <ClInclude Include="source\zcore\CBlock.h">
      <Filter>Header Files</Filter>
    </ClInclude>
    <ClInclude Include="source\zcore\Connection.h">
      <Filter>Header Files</Filter>
    </ClInclude>
    <ClInclude Include="source\zcore\DDOS_Filter.h">
      <Filter>Header Files</Filter>
    </ClInclude>
    <ClInclude Include="source\zcore\DDOS_Score.h">
      <Filter>Header Files</Filter>
    </ClInclude>
    <ClInclude Include="source\zcore\Inbound.h">
      <Filter>Header Files</Filter>
    </ClInclude>
    <ClInclude Include="source\zcore\Miner.h">
      <Filter>Header Files</Filter>
    </ClInclude>
    <ClInclude Include="source\zcore\Outbound.h">
      <Filter>Header Files</Filter>
    </ClInclude>
    <ClInclude Include="source\zcore\Packet.h">
      <Filter>Header Files</Filter>
    </ClInclude>
    <ClInclude Include="source\zcore\Timer.h">
      <Filter>Header Files</Filter>
    </ClInclude>
    <ClInclude Include="source\zcore\types.h">
      <Filter>Header Files</Filter>
    </ClInclude>
    <ClInclude Include="source\zcore\util.h">
      <Filter>Header Files</Filter>
    </ClInclude>
    <ClInclude Include="source\jansson\jansson.h">
      <Filter>Source Files\jansson</Filter>
    </ClInclude>
    <ClInclude Include="source\jansson\jansson_config.h">
      <Filter>Source Files\jansson</Filter>
    </ClInclude>
    <ClInclude Include="source\jansson\lookup3.h">
      <Filter>Source Files\jansson</Filter>
    </ClInclude>
    <ClInclude Include="source\jansson\strbuffer.h">
      <Filter>Source Files\jansson</Filter>
    </ClInclude>
    <ClInclude Include="source\jansson\utf.h">
      <Filter>Source Files\jansson</Filter>
    </ClInclude>
    <ClInclude Include="source\jansson\hashtable.h">
      <Filter>Source Files\jansson</Filter>
    </ClInclude>
    <ClInclude Include="source\jansson\jansson_private_config.h">
      <Filter>Source Files\jansson</Filter>
    </ClInclude>
    <ClInclude Include="source\jansson\jansson_private.h">
      <Filter>Source Files\jansson</Filter>
    </ClInclude>
  </ItemGroup>
  <ItemGroup>
    <None Include="resources\ui\SKMinerGUI.html" />
    <None Include="resources\ui\scripts\jquery-ui-1.11.2-redmond\index.html" />
    <None Include="source\jansson\jansson_config.h.in">
      <Filter>Source Files\jansson</Filter>
    </None>
    <None Include="source\jansson\Makefile.am">
      <Filter>Source Files\jansson</Filter>
    </None>
    <None Include="source\jansson\jansson.def">
      <Filter>Source Files\jansson</Filter>
    </None>
  </ItemGroup>
</Project>